
Microsoft Visual Studio Solution File, Format Version 12.00
# Visual Studio Version 17
VisualStudioVersion = 17.7.34221.43
MinimumVisualStudioVersion = 10.0.40219.1
Project("{9A19103F-16F7-4668-BE54-9A1E7A4F7556}") = "WebApi", "WebApi\WebApi.csproj", "{E2B92E95-9ED1-4070-BC5C-C34AA2E24072}"
EndProject
Project("{9A19103F-16F7-4668-BE54-9A1E7A4F7556}") = "Persistence", "Persistence\Persistence.csproj", "{7054B4E7-8AE5-41AB-B968-9AD2C6C19A9B}"
EndProject
Project("{FAE04EC0-301F-11D3-BF4B-00C04F79EFBC}") = "Domain", "Domain\Domain.csproj", "{0A87A548-3226-4075-A032-E21C71F6F177}"
EndProject
Project("{FAE04EC0-301F-11D3-BF4B-00C04F79EFBC}") = "Application", "Application\Application.csproj", "{51DCE18C-1C79-4FE7-8696-AE436893CABB}"
EndProject
Project("{FAE04EC0-301F-11D3-BF4B-00C04F79EFBC}") = "Infrastructure", "Infrastructure\Infrastructure.csproj", "{69E7DCD4-AC5A-4A7F-B530-FD0D4D222126}"
EndProject
Global
	GlobalSection(SolutionConfigurationPlatforms) = preSolution
		Debug|Any CPU = Debug|Any CPU
		Release|Any CPU = Release|Any CPU
	EndGlobalSection
	GlobalSection(ProjectConfigurationPlatforms) = postSolution
		{E2B92E95-9ED1-4070-BC5C-C34AA2E24072}.Debug|Any CPU.ActiveCfg = Debug|Any CPU
		{E2B92E95-9ED1-4070-BC5C-C34AA2E24072}.Debug|Any CPU.Build.0 = Debug|Any CPU
		{E2B92E95-9ED1-4070-BC5C-C34AA2E24072}.Release|Any CPU.ActiveCfg = Release|Any CPU
		{E2B92E95-9ED1-4070-BC5C-C34AA2E24072}.Release|Any CPU.Build.0 = Release|Any CPU
		{7054B4E7-8AE5-41AB-B968-9AD2C6C19A9B}.Debug|Any CPU.ActiveCfg = Debug|Any CPU
		{7054B4E7-8AE5-41AB-B968-9AD2C6C19A9B}.Debug|Any CPU.Build.0 = Debug|Any CPU
		{7054B4E7-8AE5-41AB-B968-9AD2C6C19A9B}.Release|Any CPU.ActiveCfg = Release|Any CPU
		{7054B4E7-8AE5-41AB-B968-9AD2C6C19A9B}.Release|Any CPU.Build.0 = Release|Any CPU
		{0A87A548-3226-4075-A032-E21C71F6F177}.Debug|Any CPU.ActiveCfg = Debug|Any CPU
		{0A87A548-3226-4075-A032-E21C71F6F177}.Debug|Any CPU.Build.0 = Debug|Any CPU
		{0A87A548-3226-4075-A032-E21C71F6F177}.Release|Any CPU.ActiveCfg = Release|Any CPU
		{0A87A548-3226-4075-A032-E21C71F6F177}.Release|Any CPU.Build.0 = Release|Any CPU
		{51DCE18C-1C79-4FE7-8696-AE436893CABB}.Debug|Any CPU.ActiveCfg = Debug|Any CPU
		{51DCE18C-1C79-4FE7-8696-AE436893CABB}.Debug|Any CPU.Build.0 = Debug|Any CPU
		{51DCE18C-1C79-4FE7-8696-AE436893CABB}.Release|Any CPU.ActiveCfg = Release|Any CPU
		{51DCE18C-1C79-4FE7-8696-AE436893CABB}.Release|Any CPU.Build.0 = Release|Any CPU
		{69E7DCD4-AC5A-4A7F-B530-FD0D4D222126}.Debug|Any CPU.ActiveCfg = Debug|Any CPU
		{69E7DCD4-AC5A-4A7F-B530-FD0D4D222126}.Debug|Any CPU.Build.0 = Debug|Any CPU
		{69E7DCD4-AC5A-4A7F-B530-FD0D4D222126}.Release|Any CPU.ActiveCfg = Release|Any CPU
		{69E7DCD4-AC5A-4A7F-B530-FD0D4D222126}.Release|Any CPU.Build.0 = Release|Any CPU
	EndGlobalSection
	GlobalSection(SolutionProperties) = preSolution
		HideSolutionNode = FALSE
	EndGlobalSection
	GlobalSection(ExtensibilityGlobals) = postSolution
		SolutionGuid = {C4BE8A16-79CD-47DD-ADE7-0C2CB2866F57}
	EndGlobalSection
EndGlobal
